// !$*UTF8*$!
{
	archiveVersion = 1;
	classes = {
	};
	objectVersion = 46;
	objects = {

/* Begin PBXBuildFile section */
		538CA4E81D029F5800B3D069 /* test.html in Resources */ = {isa = PBXBuildFile; fileRef = 538CA4E71D029F5800B3D069 /* test.html */; };
		539CC73F1D02B1F600C9E605 /* test2.html in Resources */ = {isa = PBXBuildFile; fileRef = 539CC73E1D02B1F600C9E605 /* test2.html */; };
		53B86E8F1D025B8200FB6252 /* NJKWebViewProgress.m in Sources */ = {isa = PBXBuildFile; fileRef = 53B86E8A1D025B8200FB6252 /* NJKWebViewProgress.m */; };
		53B86E901D025B8200FB6252 /* NJKWebViewProgressView.m in Sources */ = {isa = PBXBuildFile; fileRef = 53B86E8C1D025B8200FB6252 /* NJKWebViewProgressView.m */; };
		53B86E911D025B8200FB6252 /* ZHWebView.m in Sources */ = {isa = PBXBuildFile; fileRef = 53B86E8E1D025B8200FB6252 /* ZHWebView.m */; };
		53BB680A1D015D0900C4F9C3 /* main.m in Sources */ = {isa = PBXBuildFile; fileRef = 53BB68091D015D0900C4F9C3 /* main.m */; };
		53BB680D1D015D0900C4F9C3 /* AppDelegate.m in Sources */ = {isa = PBXBuildFile; fileRef = 53BB680C1D015D0900C4F9C3 /* AppDelegate.m */; };
		53BB68101D015D0900C4F9C3 /* ViewController.m in Sources */ = {isa = PBXBuildFile; fileRef = 53BB680F1D015D0900C4F9C3 /* ViewController.m */; };
		53BB68131D015D0900C4F9C3 /* Main.storyboard in Resources */ = {isa = PBXBuildFile; fileRef = 53BB68111D015D0900C4F9C3 /* Main.storyboard */; };
		53BB68151D015D0900C4F9C3 /* Assets.xcassets in Resources */ = {isa = PBXBuildFile; fileRef = 53BB68141D015D0900C4F9C3 /* Assets.xcassets */; };
		53BB68181D015D0900C4F9C3 /* LaunchScreen.storyboard in Resources */ = {isa = PBXBuildFile; fileRef = 53BB68161D015D0900C4F9C3 /* LaunchScreen.storyboard */; };
		53BB68231D015D0900C4F9C3 /* ZHWebViewTests.m in Sources */ = {isa = PBXBuildFile; fileRef = 53BB68221D015D0900C4F9C3 /* ZHWebViewTests.m */; };
		53BB682E1D015D0900C4F9C3 /* ZHWebViewUITests.m in Sources */ = {isa = PBXBuildFile; fileRef = 53BB682D1D015D0900C4F9C3 /* ZHWebViewUITests.m */; };
/* End PBXBuildFile section */

/* Begin PBXContainerItemProxy section */
		53BB681F1D015D0900C4F9C3 /* PBXContainerItemProxy */ = {
			isa = PBXContainerItemProxy;
			containerPortal = 53BB67FD1D015D0900C4F9C3 /* Project object */;
			proxyType = 1;
			remoteGlobalIDString = 53BB68041D015D0900C4F9C3;
			remoteInfo = ZHWebView;
		};
		53BB682A1D015D0900C4F9C3 /* PBXContainerItemProxy */ = {
			isa = PBXContainerItemProxy;
			containerPortal = 53BB67FD1D015D0900C4F9C3 /* Project object */;
			proxyType = 1;
			remoteGlobalIDString = 53BB68041D015D0900C4F9C3;
			remoteInfo = ZHWebView;
		};
/* End PBXContainerItemProxy section */

/* Begin PBXFileReference section */
		538CA4E71D029F5800B3D069 /* test.html */ = {isa = PBXFileReference; fileEncoding = 4; lastKnownFileType = text.html; path = test.html; sourceTree = "<group>"; };
		539CC73E1D02B1F600C9E605 /* test2.html */ = {isa = PBXFileReference; fileEncoding = 4; lastKnownFileType = text.html; path = test2.html; sourceTree = "<group>"; };
		53B86E891D025B8200FB6252 /* NJKWebViewProgress.h */ = {isa = PBXFileReference; fileEncoding = 4; lastKnownFileType = sourcecode.c.h; path = NJKWebViewProgress.h; sourceTree = "<group>"; };
		53B86E8A1D025B8200FB6252 /* NJKWebViewProgress.m */ = {isa = PBXFileReference; fileEncoding = 4; lastKnownFileType = sourcecode.c.objc; path = NJKWebViewProgress.m; sourceTree = "<group>"; };
		53B86E8B1D025B8200FB6252 /* NJKWebViewProgressView.h */ = {isa = PBXFileReference; fileEncoding = 4; lastKnownFileType = sourcecode.c.h; path = NJKWebViewProgressView.h; sourceTree = "<group>"; };
		53B86E8C1D025B8200FB6252 /* NJKWebViewProgressView.m */ = {isa = PBXFileReference; fileEncoding = 4; lastKnownFileType = sourcecode.c.objc; path = NJKWebViewProgressView.m; sourceTree = "<group>"; };
		53B86E8D1D025B8200FB6252 /* ZHWebView.h */ = {isa = PBXFileReference; fileEncoding = 4; lastKnownFileType = sourcecode.c.h; path = ZHWebView.h; sourceTree = "<group>"; };
		53B86E8E1D025B8200FB6252 /* ZHWebView.m */ = {isa = PBXFileReference; fileEncoding = 4; lastKnownFileType = sourcecode.c.objc; path = ZHWebView.m; sourceTree = "<group>"; };
		53BB68051D015D0900C4F9C3 /* ZHWebView.app */ = {isa = PBXFileReference; explicitFileType = wrapper.application; includeInIndex = 0; path = ZHWebView.app; sourceTree = BUILT_PRODUCTS_DIR; };
		53BB68091D015D0900C4F9C3 /* main.m */ = {isa = PBXFileReference; lastKnownFileType = sourcecode.c.objc; path = main.m; sourceTree = "<group>"; };
		53BB680B1D015D0900C4F9C3 /* AppDelegate.h */ = {isa = PBXFileReference; lastKnownFileType = sourcecode.c.h; path = AppDelegate.h; sourceTree = "<group>"; };
		53BB680C1D015D0900C4F9C3 /* AppDelegate.m */ = {isa = PBXFileReference; lastKnownFileType = sourcecode.c.objc; path = AppDelegate.m; sourceTree = "<group>"; };
		53BB680E1D015D0900C4F9C3 /* ViewController.h */ = {isa = PBXFileReference; lastKnownFileType = sourcecode.c.h; path = ViewController.h; sourceTree = "<group>"; };
		53BB680F1D015D0900C4F9C3 /* ViewController.m */ = {isa = PBXFileReference; lastKnownFileType = sourcecode.c.objc; path = ViewController.m; sourceTree = "<group>"; };
		53BB68121D015D0900C4F9C3 /* Base */ = {isa = PBXFileReference; lastKnownFileType = file.storyboard; name = Base; path = Base.lproj/Main.storyboard; sourceTree = "<group>"; };
		53BB68141D015D0900C4F9C3 /* Assets.xcassets */ = {isa = PBXFileReference; lastKnownFileType = folder.assetcatalog; path = Assets.xcassets; sourceTree = "<group>"; };
		53BB68171D015D0900C4F9C3 /* Base */ = {isa = PBXFileReference; lastKnownFileType = file.storyboard; name = Base; path = Base.lproj/LaunchScreen.storyboard; sourceTree = "<group>"; };
		53BB68191D015D0900C4F9C3 /* Info.plist */ = {isa = PBXFileReference; lastKnownFileType = text.plist.xml; path = Info.plist; sourceTree = "<group>"; };
		53BB681E1D015D0900C4F9C3 /* ZHWebViewTests.xctest */ = {isa = PBXFileReference; explicitFileType = wrapper.cfbundle; includeInIndex = 0; path = ZHWebViewTests.xctest; sourceTree = BUILT_PRODUCTS_DIR; };
		53BB68221D015D0900C4F9C3 /* ZHWebViewTests.m */ = {isa = PBXFileReference; lastKnownFileType = sourcecode.c.objc; path = ZHWebViewTests.m; sourceTree = "<group>"; };
		53BB68241D015D0900C4F9C3 /* Info.plist */ = {isa = PBXFileReference; lastKnownFileType = text.plist.xml; path = Info.plist; sourceTree = "<group>"; };
		53BB68291D015D0900C4F9C3 /* ZHWebViewUITests.xctest */ = {isa = PBXFileReference; explicitFileType = wrapper.cfbundle; includeInIndex = 0; path = ZHWebViewUITests.xctest; sourceTree = BUILT_PRODUCTS_DIR; };
		53BB682D1D015D0900C4F9C3 /* ZHWebViewUITests.m */ = {isa = PBXFileReference; lastKnownFileType = sourcecode.c.objc; path = ZHWebViewUITests.m; sourceTree = "<group>"; };
		53BB682F1D015D0900C4F9C3 /* Info.plist */ = {isa = PBXFileReference; lastKnownFileType = text.plist.xml; path = Info.plist; sourceTree = "<group>"; };
/* End PBXFileReference section */

/* Begin PBXFrameworksBuildPhase section */
		53BB68021D015D0900C4F9C3 /* Frameworks */ = {
			isa = PBXFrameworksBuildPhase;
			buildActionMask = 2147483647;
			files = (
			);
			runOnlyForDeploymentPostprocessing = 0;
		};
		53BB681B1D015D0900C4F9C3 /* Frameworks */ = {
			isa = PBXFrameworksBuildPhase;
			buildActionMask = 2147483647;
			files = (
			);
			runOnlyForDeploymentPostprocessing = 0;
		};
		53BB68261D015D0900C4F9C3 /* Frameworks */ = {
			isa = PBXFrameworksBuildPhase;
			buildActionMask = 2147483647;
			files = (
			);
			runOnlyForDeploymentPostprocessing = 0;
		};
/* End PBXFrameworksBuildPhase section */

/* Begin PBXGroup section */
		53B86E871D025B8200FB6252 /* ZHWebView */ = {
			isa = PBXGroup;
			children = (
				53B86E881D025B8200FB6252 /* NJKWebViewProgress */,
				53B86E8D1D025B8200FB6252 /* ZHWebView.h */,
				53B86E8E1D025B8200FB6252 /* ZHWebView.m */,
			);
			path = ZHWebView;
			sourceTree = "<group>";
		};
		53B86E881D025B8200FB6252 /* NJKWebViewProgress */ = {
			isa = PBXGroup;
			children = (
				53B86E891D025B8200FB6252 /* NJKWebViewProgress.h */,
				53B86E8A1D025B8200FB6252 /* NJKWebViewProgress.m */,
				53B86E8B1D025B8200FB6252 /* NJKWebViewProgressView.h */,
				53B86E8C1D025B8200FB6252 /* NJKWebViewProgressView.m */,
			);
			path = NJKWebViewProgress;
			sourceTree = "<group>";
		};
		53BB67FC1D015D0900C4F9C3 = {
			isa = PBXGroup;
			children = (
				53BB68071D015D0900C4F9C3 /* ZHWebView */,
				53BB68211D015D0900C4F9C3 /* ZHWebViewTests */,
				53BB682C1D015D0900C4F9C3 /* ZHWebViewUITests */,
				53BB68061D015D0900C4F9C3 /* Products */,
			);
			sourceTree = "<group>";
		};
		53BB68061D015D0900C4F9C3 /* Products */ = {
			isa = PBXGroup;
			children = (
				53BB68051D015D0900C4F9C3 /* ZHWebView.app */,
				53BB681E1D015D0900C4F9C3 /* ZHWebViewTests.xctest */,
				53BB68291D015D0900C4F9C3 /* ZHWebViewUITests.xctest */,
			);
			name = Products;
			sourceTree = "<group>";
		};
		53BB68071D015D0900C4F9C3 /* ZHWebView */ = {
			isa = PBXGroup;
			children = (
				53B86E871D025B8200FB6252 /* ZHWebView */,
				53BB680B1D015D0900C4F9C3 /* AppDelegate.h */,
				53BB680C1D015D0900C4F9C3 /* AppDelegate.m */,
				53BB680E1D015D0900C4F9C3 /* ViewController.h */,
				53BB680F1D015D0900C4F9C3 /* ViewController.m */,
				53BB68111D015D0900C4F9C3 /* Main.storyboard */,
				53BB68141D015D0900C4F9C3 /* Assets.xcassets */,
				53BB68161D015D0900C4F9C3 /* LaunchScreen.storyboard */,
				53BB68191D015D0900C4F9C3 /* Info.plist */,
				539CC73E1D02B1F600C9E605 /* test2.html */,
				538CA4E71D029F5800B3D069 /* test.html */,
				53BB68081D015D0900C4F9C3 /* Supporting Files */,
			);
			path = ZHWebView;
			sourceTree = "<group>";
		};
		53BB68081D015D0900C4F9C3 /* Supporting Files */ = {
			isa = PBXGroup;
			children = (
				53BB68091D015D0900C4F9C3 /* main.m */,
			);
			name = "Supporting Files";
			sourceTree = "<group>";
		};
		53BB68211D015D0900C4F9C3 /* ZHWebViewTests */ = {
			isa = PBXGroup;
			children = (
				53BB68221D015D0900C4F9C3 /* ZHWebViewTests.m */,
				53BB68241D015D0900C4F9C3 /* Info.plist */,
			);
			path = ZHWebViewTests;
			sourceTree = "<group>";
		};
		53BB682C1D015D0900C4F9C3 /* ZHWebViewUITests */ = {
			isa = PBXGroup;
			children = (
				53BB682D1D015D0900C4F9C3 /* ZHWebViewUITests.m */,
				53BB682F1D015D0900C4F9C3 /* Info.plist */,
			);
			path = ZHWebViewUITests;
			sourceTree = "<group>";
		};
/* End PBXGroup section */

/* Begin PBXNativeTarget section */
		53BB68041D015D0900C4F9C3 /* ZHWebView */ = {
			isa = PBXNativeTarget;
			buildConfigurationList = 53BB68321D015D0900C4F9C3 /* Build configuration list for PBXNativeTarget "ZHWebView" */;
			buildPhases = (
				53BB68011D015D0900C4F9C3 /* Sources */,
				53BB68021D015D0900C4F9C3 /* Frameworks */,
				53BB68031D015D0900C4F9C3 /* Resources */,
			);
			buildRules = (
			);
			dependencies = (
			);
			name = ZHWebView;
			productName = ZHWebView;
			productReference = 53BB68051D015D0900C4F9C3 /* ZHWebView.app */;
			productType = "com.apple.product-type.application";
		};
		53BB681D1D015D0900C4F9C3 /* ZHWebViewTests */ = {
			isa = PBXNativeTarget;
			buildConfigurationList = 53BB68351D015D0900C4F9C3 /* Build configuration list for PBXNativeTarget "ZHWebViewTests" */;
			buildPhases = (
				53BB681A1D015D0900C4F9C3 /* Sources */,
				53BB681B1D015D0900C4F9C3 /* Frameworks */,
				53BB681C1D015D0900C4F9C3 /* Resources */,
			);
			buildRules = (
			);
			dependencies = (
				53BB68201D015D0900C4F9C3 /* PBXTargetDependency */,
			);
			name = ZHWebViewTests;
			productName = ZHWebViewTests;
			productReference = 53BB681E1D015D0900C4F9C3 /* ZHWebViewTests.xctest */;
			productType = "com.apple.product-type.bundle.unit-test";
		};
		53BB68281D015D0900C4F9C3 /* ZHWebViewUITests */ = {
			isa = PBXNativeTarget;
			buildConfigurationList = 53BB68381D015D0900C4F9C3 /* Build configuration list for PBXNativeTarget "ZHWebViewUITests" */;
			buildPhases = (
				53BB68251D015D0900C4F9C3 /* Sources */,
				53BB68261D015D0900C4F9C3 /* Frameworks */,
				53BB68271D015D0900C4F9C3 /* Resources */,
			);
			buildRules = (
			);
			dependencies = (
				53BB682B1D015D0900C4F9C3 /* PBXTargetDependency */,
			);
			name = ZHWebViewUITests;
			productName = ZHWebViewUITests;
			productReference = 53BB68291D015D0900C4F9C3 /* ZHWebViewUITests.xctest */;
			productType = "com.apple.product-type.bundle.ui-testing";
		};
/* End PBXNativeTarget section */

/* Begin PBXProject section */
		53BB67FD1D015D0900C4F9C3 /* Project object */ = {
			isa = PBXProject;
			attributes = {
				LastUpgradeCheck = 0730;
				ORGANIZATIONNAME = AdminZhiHua;
				TargetAttributes = {
					53BB68041D015D0900C4F9C3 = {
						CreatedOnToolsVersion = 7.3;
					};
					53BB681D1D015D0900C4F9C3 = {
						CreatedOnToolsVersion = 7.3;
						TestTargetID = 53BB68041D015D0900C4F9C3;
					};
					53BB68281D015D0900C4F9C3 = {
						CreatedOnToolsVersion = 7.3;
						TestTargetID = 53BB68041D015D0900C4F9C3;
					};
				};
			};
			buildConfigurationList = 53BB68001D015D0900C4F9C3 /* Build configuration list for PBXProject "ZHWebView" */;
			compatibilityVersion = "Xcode 3.2";
			developmentRegion = English;
			hasScannedForEncodings = 0;
			knownRegions = (
				en,
				Base,
			);
			mainGroup = 53BB67FC1D015D0900C4F9C3;
			productRefGroup = 53BB68061D015D0900C4F9C3 /* Products */;
			projectDirPath = "";
			projectRoot = "";
			targets = (
				53BB68041D015D0900C4F9C3 /* ZHWebView */,
				53BB681D1D015D0900C4F9C3 /* ZHWebViewTests */,
				53BB68281D015D0900C4F9C3 /* ZHWebViewUITests */,
			);
		};
/* End PBXProject section */

/* Begin PBXResourcesBuildPhase section */
		53BB68031D015D0900C4F9C3 /* Resources */ = {
			isa = PBXResourcesBuildPhase;
			buildActionMask = 2147483647;
			files = (
				538CA4E81D029F5800B3D069 /* test.html in Resources */,
				53BB68181D015D0900C4F9C3 /* LaunchScreen.storyboard in Resources */,
				53BB68151D015D0900C4F9C3 /* Assets.xcassets in Resources */,
				539CC73F1D02B1F600C9E605 /* test2.html in Resources */,
				53BB68131D015D0900C4F9C3 /* Main.storyboard in Resources */,
			);
			runOnlyForDeploymentPostprocessing = 0;
		};
		53BB681C1D015D0900C4F9C3 /* Resources */ = {
			isa = PBXResourcesBuildPhase;
			buildActionMask = 2147483647;
			files = (
			);
			runOnlyForDeploymentPostprocessing = 0;
		};
		53BB68271D015D0900C4F9C3 /* Resources */ = {
			isa = PBXResourcesBuildPhase;
			buildActionMask = 2147483647;
			files = (
			);
			runOnlyForDeploymentPostprocessing = 0;
		};
/* End PBXResourcesBuildPhase section */

/* Begin PBXSourcesBuildPhase section */
		53BB68011D015D0900C4F9C3 /* Sources */ = {
			isa = PBXSourcesBuildPhase;
			buildActionMask = 2147483647;
			files = (
				53B86E8F1D025B8200FB6252 /* NJKWebViewProgress.m in Sources */,
				53B86E901D025B8200FB6252 /* NJKWebViewProgressView.m in Sources */,
				53BB68101D015D0900C4F9C3 /* ViewController.m in Sources */,
				53BB680D1D015D0900C4F9C3 /* AppDelegate.m in Sources */,
				53BB680A1D015D0900C4F9C3 /* main.m in Sources */,
				53B86E911D025B8200FB6252 /* ZHWebView.m in Sources */,
			);
			runOnlyForDeploymentPostprocessing = 0;
		};
		53BB681A1D015D0900C4F9C3 /* Sources */ = {
			isa = PBXSourcesBuildPhase;
			buildActionMask = 2147483647;
			files = (
				53BB68231D015D0900C4F9C3 /* ZHWebViewTests.m in Sources */,
			);
			runOnlyForDeploymentPostprocessing = 0;
		};
		53BB68251D015D0900C4F9C3 /* Sources */ = {
			isa = PBXSourcesBuildPhase;
			buildActionMask = 2147483647;
			files = (
				53BB682E1D015D0900C4F9C3 /* ZHWebViewUITests.m in Sources */,
			);
			runOnlyForDeploymentPostprocessing = 0;
		};
/* End PBXSourcesBuildPhase section */

/* Begin PBXTargetDependency section */
		53BB68201D015D0900C4F9C3 /* PBXTargetDependency */ = {
			isa = PBXTargetDependency;
			target = 53BB68041D015D0900C4F9C3 /* ZHWebView */;
			targetProxy = 53BB681F1D015D0900C4F9C3 /* PBXContainerItemProxy */;
		};
		53BB682B1D015D0900C4F9C3 /* PBXTargetDependency */ = {
			isa = PBXTargetDependency;
			target = 53BB68041D015D0900C4F9C3 /* ZHWebView */;
			targetProxy = 53BB682A1D015D0900C4F9C3 /* PBXContainerItemProxy */;
		};
/* End PBXTargetDependency section */

/* Begin PBXVariantGroup section */
		53BB68111D015D0900C4F9C3 /* Main.storyboard */ = {
			isa = PBXVariantGroup;
			children = (
				53BB68121D015D0900C4F9C3 /* Base */,
			);
			name = Main.storyboard;
			sourceTree = "<group>";
		};
		53BB68161D015D0900C4F9C3 /* LaunchScreen.storyboard */ = {
			isa = PBXVariantGroup;
			children = (
				53BB68171D015D0900C4F9C3 /* Base */,
			);
			name = LaunchScreen.storyboard;
			sourceTree = "<group>";
		};
/* End PBXVariantGroup section */

/* Begin XCBuildConfiguration section */
		53BB68301D015D0900C4F9C3 /* Debug */ = {
			isa = XCBuildConfiguration;
			buildSettings = {
				ALWAYS_SEARCH_USER_PATHS = NO;
				CLANG_ANALYZER_NONNULL = YES;
				CLANG_CXX_LANGUAGE_STANDARD = "gnu++0x";
				CLANG_CXX_LIBRARY = "libc++";
				CLANG_ENABLE_MODULES = YES;
				CLANG_ENABLE_OBJC_ARC = YES;
				CLANG_WARN_BOOL_CONVERSION = YES;
				CLANG_WARN_CONSTANT_CONVERSION = YES;
				CLANG_WARN_DIRECT_OBJC_ISA_USAGE = YES_ERROR;
				CLANG_WARN_EMPTY_BODY = YES;
				CLANG_WARN_ENUM_CONVERSION = YES;
				CLANG_WARN_INT_CONVERSION = YES;
				CLANG_WARN_OBJC_ROOT_CLASS = YES_ERROR;
				CLANG_WARN_UNREACHABLE_CODE = YES;
				CLANG_WARN__DUPLICATE_METHOD_MATCH = YES;
				"CODE_SIGN_IDENTITY[sdk=iphoneos*]" = "iPhone Developer";
				COPY_PHASE_STRIP = NO;
				DEBUG_INFORMATION_FORMAT = dwarf;
				ENABLE_STRICT_OBJC_MSGSEND = YES;
				ENABLE_TESTABILITY = YES;
				GCC_C_LANGUAGE_STANDARD = gnu99;
				GCC_DYNAMIC_NO_PIC = NO;
				GCC_NO_COMMON_BLOCKS = YES;
				GCC_OPTIMIZATION_LEVEL = 0;
				GCC_PREPROCESSOR_DEFINITIONS = (
					"DEBUG=1",
					"$(inherited)",
				);
				GCC_WARN_64_TO_32_BIT_CONVERSION = YES;
				GCC_WARN_ABOUT_RETURN_TYPE = YES_ERROR;
				GCC_WARN_UNDECLARED_SELECTOR = YES;
				GCC_WARN_UNINITIALIZED_AUTOS = YES_AGGRESSIVE;
				GCC_WARN_UNUSED_FUNCTION = YES;
				GCC_WARN_UNUSED_VARIABLE = YES;
				IPHONEOS_DEPLOYMENT_TARGET = 9.3;
				MTL_ENABLE_DEBUG_INFO = YES;
				ONLY_ACTIVE_ARCH = YES;
				SDKROOT = iphoneos;
			};
			name = Debug;
		};
		53BB68311D015D0900C4F9C3 /* Release */ = {
			isa = XCBuildConfiguration;
			buildSettings = {
				ALWAYS_SEARCH_USER_PATHS = NO;
				CLANG_ANALYZER_NONNULL = YES;
				CLANG_CXX_LANGUAGE_STANDARD = "gnu++0x";
				CLANG_CXX_LIBRARY = "libc++";
				CLANG_ENABLE_MODULES = YES;
				CLANG_ENABLE_OBJC_ARC = YES;
				CLANG_WARN_BOOL_CONVERSION = YES;
				CLANG_WARN_CONSTANT_CONVERSION = YES;
				CLANG_WARN_DIRECT_OBJC_ISA_USAGE = YES_ERROR;
				CLANG_WARN_EMPTY_BODY = YES;
				CLANG_WARN_ENUM_CONVERSION = YES;
				CLANG_WARN_INT_CONVERSION = YES;
				CLANG_WARN_OBJC_ROOT_CLASS = YES_ERROR;
				CLANG_WARN_UNREACHABLE_CODE = YES;
				CLANG_WARN__DUPLICATE_METHOD_MATCH = YES;
				"CODE_SIGN_IDENTITY[sdk=iphoneos*]" = "iPhone Developer";
				COPY_PHASE_STRIP = NO;
				DEBUG_INFORMATION_FORMAT = "dwarf-with-dsym";
				ENABLE_NS_ASSERTIONS = NO;
				ENABLE_STRICT_OBJC_MSGSEND = YES;
				GCC_C_LANGUAGE_STANDARD = gnu99;
				GCC_NO_COMMON_BLOCKS = YES;
				GCC_WARN_64_TO_32_BIT_CONVERSION = YES;
				GCC_WARN_ABOUT_RETURN_TYPE = YES_ERROR;
				GCC_WARN_UNDECLARED_SELECTOR = YES;
				GCC_WARN_UNINITIALIZED_AUTOS = YES_AGGRESSIVE;
				GCC_WARN_UNUSED_FUNCTION = YES;
				GCC_WARN_UNUSED_VARIABLE = YES;
				IPHONEOS_DEPLOYMENT_TARGET = 9.3;
				MTL_ENABLE_DEBUG_INFO = NO;
				SDKROOT = iphoneos;
				VALIDATE_PRODUCT = YES;
			};
			name = Release;
		};
		53BB68331D015D0900C4F9C3 /* Debug */ = {
			isa = XCBuildConfiguration;
			buildSettings = {
				ASSETCATALOG_COMPILER_APPICON_NAME = AppIcon;
				INFOPLIST_FILE = ZHWebView/Info.plist;
				LD_RUNPATH_SEARCH_PATHS = "$(inherited) @executable_path/Frameworks";
				PRODUCT_BUNDLE_IDENTIFIER = com.swwy.ZHWebView;
				PRODUCT_NAME = "$(TARGET_NAME)";
			};
			name = Debug;
		};
		53BB68341D015D0900C4F9C3 /* Release */ = {
			isa = XCBuildConfiguration;
			buildSettings = {
				ASSETCATALOG_COMPILER_APPICON_NAME = AppIcon;
				INFOPLIST_FILE = ZHWebView/Info.plist;
				LD_RUNPATH_SEARCH_PATHS = "$(inherited) @executable_path/Frameworks";
				PRODUCT_BUNDLE_IDENTIFIER = com.swwy.ZHWebView;
				PRODUCT_NAME = "$(TARGET_NAME)";
			};
			name = Release;
		};
		53BB68361D015D0900C4F9C3 /* Debug */ = {
			isa = XCBuildConfiguration;
			buildSettings = {
				BUNDLE_LOADER = "$(TEST_HOST)";
				INFOPLIST_FILE = ZHWebViewTests/Info.plist;
				LD_RUNPATH_SEARCH_PATHS = "$(inherited) @executable_path/Frameworks @loader_path/Frameworks";
				PRODUCT_BUNDLE_IDENTIFIER = com.swwy.ZHWebViewTests;
				PRODUCT_NAME = "$(TARGET_NAME)";
				TEST_HOST = "$(BUILT_PRODUCTS_DIR)/ZHWebView.app/ZHWebView";
			};
			name = Debug;
		};
		53BB68371D015D0900C4F9C3 /* Release */ = {
			isa = XCBuildConfiguration;
			buildSettings = {
				BUNDLE_LOADER = "$(TEST_HOST)";
				INFOPLIST_FILE = ZHWebViewTests/Info.plist;
				LD_RUNPATH_SEARCH_PATHS = "$(inherited) @executable_path/Frameworks @loader_path/Frameworks";
				PRODUCT_BUNDLE_IDENTIFIER = com.swwy.ZHWebViewTests;
				PRODUCT_NAME = "$(TARGET_NAME)";
				TEST_HOST = "$(BUILT_PRODUCTS_DIR)/ZHWebView.app/ZHWebView";
			};
			name = Release;
		};
		53BB68391D015D0900C4F9C3 /* Debug */ = {
			isa = XCBuildConfiguration;
			buildSettings = {
				INFOPLIST_FILE = ZHWebViewUITests/Info.plist;
				LD_RUNPATH_SEARCH_PATHS = "$(inherited) @executable_path/Frameworks @loader_path/Frameworks";
				PRODUCT_BUNDLE_IDENTIFIER = com.swwy.ZHWebViewUITests;
				PRODUCT_NAME = "$(TARGET_NAME)";
				TEST_TARGET_NAME = ZHWebView;
			};
			name = Debug;
		};
		53BB683A1D015D0900C4F9C3 /* Release */ = {
			isa = XCBuildConfiguration;
			buildSettings = {
				INFOPLIST_FILE = ZHWebViewUITests/Info.plist;
				LD_RUNPATH_SEARCH_PATHS = "$(inherited) @executable_path/Frameworks @loader_path/Frameworks";
				PRODUCT_BUNDLE_IDENTIFIER = com.swwy.ZHWebViewUITests;
				PRODUCT_NAME = "$(TARGET_NAME)";
				TEST_TARGET_NAME = ZHWebView;
			};
			name = Release;
		};
/* End XCBuildConfiguration section */

/* Begin XCConfigurationList section */
		53BB68001D015D0900C4F9C3 /* Build configuration list for PBXProject "ZHWebView" */ = {
			isa = XCConfigurationList;
			buildConfigurations = (
				53BB68301D015D0900C4F9C3 /* Debug */,
				53BB68311D015D0900C4F9C3 /* Release */,
			);
			defaultConfigurationIsVisible = 0;
			defaultConfigurationName = Release;
		};
		53BB68321D015D0900C4F9C3 /* Build configuration list for PBXNativeTarget "ZHWebView" */ = {
			isa = XCConfigurationList;
			buildConfigurations = (
				53BB68331D015D0900C4F9C3 /* Debug */,
				53BB68341D015D0900C4F9C3 /* Release */,
			);
			defaultConfigurationIsVisible = 0;
			defaultConfigurationName = Release;
		};
		53BB68351D015D0900C4F9C3 /* Build configuration list for PBXNativeTarget "ZHWebViewTests" */ = {
			isa = XCConfigurationList;
			buildConfigurations = (
				53BB68361D015D0900C4F9C3 /* Debug */,
				53BB68371D015D0900C4F9C3 /* Release */,
			);
			defaultConfigurationIsVisible = 0;
			defaultConfigurationName = Release;
		};
		53BB68381D015D0900C4F9C3 /* Build configuration list for PBXNativeTarget "ZHWebViewUITests" */ = {
			isa = XCConfigurationList;
			buildConfigurations = (
				53BB68391D015D0900C4F9C3 /* Debug */,
				53BB683A1D015D0900C4F9C3 /* Release */,
			);
			defaultConfigurationIsVisible = 0;
			defaultConfigurationName = Release;
		};
/* End XCConfigurationList section */
	};
	rootObject = 53BB67FD1D015D0900C4F9C3 /* Project object */;
}
